
Microsoft Visual Studio Solution File, Format Version 12.00
Project("{FAE04EC0-301F-11D3-BF4B-00C04F79EFBC}") = "EASV.CS20s.3rdSemenster.FW.SDM.Assignment.Core", "EASV.CS20s.3rdSemenster.FW.SDM.Assignment.Core\EASV.CS20s.3rdSemenster.FW.SDM.Assignment.Core.csproj", "{9800452E-750F-4243-9FDD-2B96A3648B69}"
EndProject
Project("{2150E333-8FDC-42A3-9474-1A3956D46DE8}") = "Core", "Core", "{46895BB6-400F-4D72-98AE-A2853DA52D58}"
EndProject
Project("{2150E333-8FDC-42A3-9474-1A3956D46DE8}") = "Infrastructure", "Infrastructure", "{50004A1F-F790-49E0-B9A4-B9A4C3D6FBC5}"
EndProject
Project("{FAE04EC0-301F-11D3-BF4B-00C04F79EFBC}") = "EASV.CS20s.3rdSemenster.FW.SDM.Assignment.Domain", "EASV.CS20s.3rdSemenster.FW.SDM.Assignment.Domain\EASV.CS20s.3rdSemenster.FW.SDM.Assignment.Domain.csproj", "{301EC3AA-ABD6-4710-AE07-CC9D6A7196F3}"
EndProject
Project("{2150E333-8FDC-42A3-9474-1A3956D46DE8}") = "Test", "Test", "{E422EC2C-6456-4A84-A1F7-8C57D4DD473C}"
EndProject
Project("{FAE04EC0-301F-11D3-BF4B-00C04F79EFBC}") = "EASV.CS20s.3rdSemenster.FW.SDM.Assignment.Test", "EASV.CS20s.3rdSemenster.FW.SDM.Assignment.Test\EASV.CS20s.3rdSemenster.FW.SDM.Assignment.Test.csproj", "{B3651313-EE3D-4435-9602-2DD6A73284E6}"
EndProject
Project("{FAE04EC0-301F-11D3-BF4B-00C04F79EFBC}") = "CoreTest", "CoreTest\CoreTest.csproj", "{3135D579-39B1-4067-9892-11F2A5EFFAB2}"
EndProject
Project("{FAE04EC0-301F-11D3-BF4B-00C04F79EFBC}") = "DomainTest", "DomainTest\DomainTest.csproj", "{B3940A0B-95B0-40B4-A192-E60147E3D8F6}"
EndProject
Project("{FAE04EC0-301F-11D3-BF4B-00C04F79EFBC}") = "EASV.CS20s.3rdSemenster.FW.SDM.Assignment.Infrastructure", "EASV.CS20s.3rdSemenster.FW.SDM.Assignment.Infrastructure\EASV.CS20s.3rdSemenster.FW.SDM.Assignment.Infrastructure.csproj", "{30D339E3-05F0-4F35-816A-FFBC14772DE3}"
EndProject
Project("{2150E333-8FDC-42A3-9474-1A3956D46DE8}") = "InfrastructureTest", "InfrastructureTest", "{6B8A23E3-688C-4D28-A00D-E1B477A84475}"
EndProject
Project("{FAE04EC0-301F-11D3-BF4B-00C04F79EFBC}") = "RepositoryTest", "RepositoryTest\RepositoryTest.csproj", "{080CF2C3-653B-45A6-93ED-FF146E8A2F5F}"
EndProject
Global
	GlobalSection(SolutionConfigurationPlatforms) = preSolution
		Debug|Any CPU = Debug|Any CPU
		Release|Any CPU = Release|Any CPU
	EndGlobalSection
	GlobalSection(ProjectConfigurationPlatforms) = postSolution
		{9800452E-750F-4243-9FDD-2B96A3648B69}.Debug|Any CPU.ActiveCfg = Debug|Any CPU
		{9800452E-750F-4243-9FDD-2B96A3648B69}.Debug|Any CPU.Build.0 = Debug|Any CPU
		{9800452E-750F-4243-9FDD-2B96A3648B69}.Release|Any CPU.ActiveCfg = Release|Any CPU
		{9800452E-750F-4243-9FDD-2B96A3648B69}.Release|Any CPU.Build.0 = Release|Any CPU
		{301EC3AA-ABD6-4710-AE07-CC9D6A7196F3}.Debug|Any CPU.ActiveCfg = Debug|Any CPU
		{301EC3AA-ABD6-4710-AE07-CC9D6A7196F3}.Debug|Any CPU.Build.0 = Debug|Any CPU
		{301EC3AA-ABD6-4710-AE07-CC9D6A7196F3}.Release|Any CPU.ActiveCfg = Release|Any CPU
		{301EC3AA-ABD6-4710-AE07-CC9D6A7196F3}.Release|Any CPU.Build.0 = Release|Any CPU
		{B3651313-EE3D-4435-9602-2DD6A73284E6}.Debug|Any CPU.ActiveCfg = Debug|Any CPU
		{B3651313-EE3D-4435-9602-2DD6A73284E6}.Debug|Any CPU.Build.0 = Debug|Any CPU
		{B3651313-EE3D-4435-9602-2DD6A73284E6}.Release|Any CPU.ActiveCfg = Release|Any CPU
		{B3651313-EE3D-4435-9602-2DD6A73284E6}.Release|Any CPU.Build.0 = Release|Any CPU
		{3135D579-39B1-4067-9892-11F2A5EFFAB2}.Debug|Any CPU.ActiveCfg = Debug|Any CPU
		{3135D579-39B1-4067-9892-11F2A5EFFAB2}.Debug|Any CPU.Build.0 = Debug|Any CPU
		{3135D579-39B1-4067-9892-11F2A5EFFAB2}.Release|Any CPU.ActiveCfg = Release|Any CPU
		{3135D579-39B1-4067-9892-11F2A5EFFAB2}.Release|Any CPU.Build.0 = Release|Any CPU
		{B3940A0B-95B0-40B4-A192-E60147E3D8F6}.Debug|Any CPU.ActiveCfg = Debug|Any CPU
		{B3940A0B-95B0-40B4-A192-E60147E3D8F6}.Debug|Any CPU.Build.0 = Debug|Any CPU
		{B3940A0B-95B0-40B4-A192-E60147E3D8F6}.Release|Any CPU.ActiveCfg = Release|Any CPU
		{B3940A0B-95B0-40B4-A192-E60147E3D8F6}.Release|Any CPU.Build.0 = Release|Any CPU
		{30D339E3-05F0-4F35-816A-FFBC14772DE3}.Debug|Any CPU.ActiveCfg = Debug|Any CPU
		{30D339E3-05F0-4F35-816A-FFBC14772DE3}.Debug|Any CPU.Build.0 = Debug|Any CPU
		{30D339E3-05F0-4F35-816A-FFBC14772DE3}.Release|Any CPU.ActiveCfg = Release|Any CPU
		{30D339E3-05F0-4F35-816A-FFBC14772DE3}.Release|Any CPU.Build.0 = Release|Any CPU
		{080CF2C3-653B-45A6-93ED-FF146E8A2F5F}.Debug|Any CPU.ActiveCfg = Debug|Any CPU
		{080CF2C3-653B-45A6-93ED-FF146E8A2F5F}.Debug|Any CPU.Build.0 = Debug|Any CPU
		{080CF2C3-653B-45A6-93ED-FF146E8A2F5F}.Release|Any CPU.ActiveCfg = Release|Any CPU
		{080CF2C3-653B-45A6-93ED-FF146E8A2F5F}.Release|Any CPU.Build.0 = Release|Any CPU
	EndGlobalSection
	GlobalSection(NestedProjects) = preSolution
		{9800452E-750F-4243-9FDD-2B96A3648B69} = {46895BB6-400F-4D72-98AE-A2853DA52D58}
		{301EC3AA-ABD6-4710-AE07-CC9D6A7196F3} = {46895BB6-400F-4D72-98AE-A2853DA52D58}
		{B3651313-EE3D-4435-9602-2DD6A73284E6} = {E422EC2C-6456-4A84-A1F7-8C57D4DD473C}
		{3135D579-39B1-4067-9892-11F2A5EFFAB2} = {E422EC2C-6456-4A84-A1F7-8C57D4DD473C}
		{B3940A0B-95B0-40B4-A192-E60147E3D8F6} = {E422EC2C-6456-4A84-A1F7-8C57D4DD473C}
		{30D339E3-05F0-4F35-816A-FFBC14772DE3} = {50004A1F-F790-49E0-B9A4-B9A4C3D6FBC5}
		{6B8A23E3-688C-4D28-A00D-E1B477A84475} = {E422EC2C-6456-4A84-A1F7-8C57D4DD473C}
		{080CF2C3-653B-45A6-93ED-FF146E8A2F5F} = {6B8A23E3-688C-4D28-A00D-E1B477A84475}
	EndGlobalSection
EndGlobal
